
Microsoft Visual Studio Solution File, Format Version 12.00
# Visual Studio Version 17
VisualStudioVersion = 17.13.35931.197 d17.13
MinimumVisualStudioVersion = 10.0.40219.1
Project("{FAE04EC0-301F-11D3-BF4B-00C04F79EFBC}") = "Differentiation", "Differentiation.csproj", "{E97DF1F6-8EBA-4F84-90ED-F61F9C00FF79}"
EndProject
Global
	GlobalSection(SolutionConfigurationPlatforms) = preSolution
		Debug|Any CPU = Debug|Any CPU
		Release|Any CPU = Release|Any CPU
	EndGlobalSection
	GlobalSection(ProjectConfigurationPlatforms) = postSolution
		{E97DF1F6-8EBA-4F84-90ED-F61F9C00FF79}.Debug|Any CPU.ActiveCfg = Debug|Any CPU
		{E97DF1F6-8EBA-4F84-90ED-F61F9C00FF79}.Debug|Any CPU.Build.0 = Debug|Any CPU
		{E97DF1F6-8EBA-4F84-90ED-F61F9C00FF79}.Release|Any CPU.ActiveCfg = Release|Any CPU
		{E97DF1F6-8EBA-4F84-90ED-F61F9C00FF79}.Release|Any CPU.Build.0 = Release|Any CPU
	EndGlobalSection
	GlobalSection(SolutionProperties) = preSolution
		HideSolutionNode = FALSE
	EndGlobalSection
	GlobalSection(ExtensibilityGlobals) = postSolution
		SolutionGuid = {382F869A-9BEC-4A64-9DA2-F918676059B7}
	EndGlobalSection
EndGlobal
